
Microsoft Visual Studio Solution File, Format Version 12.00
# Visual Studio Version 17
VisualStudioVersion = 17.9.34701.34
MinimumVisualStudioVersion = 10.0.40219.1
Project("{FAE04EC0-301F-11D3-BF4B-00C04F79EFBC}") = "Comm3 Homework", "Comm3 Homework.csproj", "{BAA33E45-B583-4161-941B-90A16FB00FB2}"
EndProject
Global
	GlobalSection(SolutionConfigurationPlatforms) = preSolution
		Debug|Any CPU = Debug|Any CPU
		Release|Any CPU = Release|Any CPU
	EndGlobalSection
	GlobalSection(ProjectConfigurationPlatforms) = postSolution
		{BAA33E45-B583-4161-941B-90A16FB00FB2}.Debug|Any CPU.ActiveCfg = Debug|Any CPU
		{BAA33E45-B583-4161-941B-90A16FB00FB2}.Debug|Any CPU.Build.0 = Debug|Any CPU
		{BAA33E45-B583-4161-941B-90A16FB00FB2}.Release|Any CPU.ActiveCfg = Release|Any CPU
		{BAA33E45-B583-4161-941B-90A16FB00FB2}.Release|Any CPU.Build.0 = Release|Any CPU
	EndGlobalSection
	GlobalSection(SolutionProperties) = preSolution
		HideSolutionNode = FALSE
	EndGlobalSection
	GlobalSection(ExtensibilityGlobals) = postSolution
		SolutionGuid = {0932F495-0315-44AA-9729-9092B4227AA7}
	EndGlobalSection
EndGlobal
